{
  "name": "llm-for-humans-book-metadata",
  "version": "1.0.0",
  "lockfileVersion": 3,
  "requires": true,
  "packages": {
    "": {
      "name": "llm-for-humans-book-metadata",
      "version": "1.0.0",
      "dependencies": {
        "jalaali-js": "2.0.0"
      }
    },
    "node_modules/jalaali-js": {
      "version": "2.0.0",
      "resolved": "https://registry.npmjs.org/jalaali-js/-/jalaali-js-2.0.0.tgz",
      "integrity": "sha512-HkWlwO3KxuYwERP1jsn+5M+QA+EKpIJ+zGesLee5VJNn2d2Melue0uQIvd9C/0QYFR7XVWvfF/uiNEz9Jbr9Hw==",
      "license": "MIT",
      "engines": {
        "node": ">=20"
      }
    }
  }
}
